
Microsoft Visual Studio Solution File, Format Version 12.00
# Visual Studio Version 17
VisualStudioVersion = 17.0.31919.166
MinimumVisualStudioVersion = 10.0.40219.1
Project("{8BC9CEB8-8B4A-11D0-8D11-00A0C91BC942}") = "2-Variables", "2-Variables\2-Variables.vcxproj", "{145456CE-97E6-428A-8F15-913A63CFECDF}"
EndProject
Project("{8BC9CEB8-8B4A-11D0-8D11-00A0C91BC942}") = "1-HelloAIE", "1-HelloAIE\1-HelloAIE.vcxproj", "{26E47879-A122-4246-8632-9077677A6AA2}"
EndProject
Project("{8BC9CEB8-8B4A-11D0-8D11-00A0C91BC942}") = "3-Operators", "3-Operators\3-Operators.vcxproj", "{A1C92EAA-7E16-457F-B124-74EC378E10F2}"
EndProject
Project("{8BC9CEB8-8B4A-11D0-8D11-00A0C91BC942}") = "4-Constants", "4-Constants\4-Constants.vcxproj", "{169416A5-C149-440A-AB63-C034F9139C17}"
EndProject
Project("{8BC9CEB8-8B4A-11D0-8D11-00A0C91BC942}") = "5-Conditionals", "5-Conditionals\5-Conditionals.vcxproj", "{69724A4F-E1D7-41D8-ABB7-A696B934310E}"
EndProject
Project("{8BC9CEB8-8B4A-11D0-8D11-00A0C91BC942}") = "6-Loops", "6-Loops\6-Loops.vcxproj", "{8C13515C-926C-4000-BD95-8307879C80FA}"
EndProject
Global
	GlobalSection(SolutionConfigurationPlatforms) = preSolution
		Debug|x64 = Debug|x64
		Debug|x86 = Debug|x86
		Release|x64 = Release|x64
		Release|x86 = Release|x86
	EndGlobalSection
	GlobalSection(ProjectConfigurationPlatforms) = postSolution
		{145456CE-97E6-428A-8F15-913A63CFECDF}.Debug|x64.ActiveCfg = Debug|x64
		{145456CE-97E6-428A-8F15-913A63CFECDF}.Debug|x64.Build.0 = Debug|x64
		{145456CE-97E6-428A-8F15-913A63CFECDF}.Debug|x86.ActiveCfg = Debug|Win32
		{145456CE-97E6-428A-8F15-913A63CFECDF}.Debug|x86.Build.0 = Debug|Win32
		{145456CE-97E6-428A-8F15-913A63CFECDF}.Release|x64.ActiveCfg = Release|x64
		{145456CE-97E6-428A-8F15-913A63CFECDF}.Release|x64.Build.0 = Release|x64
		{145456CE-97E6-428A-8F15-913A63CFECDF}.Release|x86.ActiveCfg = Release|Win32
		{145456CE-97E6-428A-8F15-913A63CFECDF}.Release|x86.Build.0 = Release|Win32
		{26E47879-A122-4246-8632-9077677A6AA2}.Debug|x64.ActiveCfg = Debug|x64
		{26E47879-A122-4246-8632-9077677A6AA2}.Debug|x64.Build.0 = Debug|x64
		{26E47879-A122-4246-8632-9077677A6AA2}.Debug|x86.ActiveCfg = Debug|Win32
		{26E47879-A122-4246-8632-9077677A6AA2}.Debug|x86.Build.0 = Debug|Win32
		{26E47879-A122-4246-8632-9077677A6AA2}.Release|x64.ActiveCfg = Release|x64
		{26E47879-A122-4246-8632-9077677A6AA2}.Release|x64.Build.0 = Release|x64
		{26E47879-A122-4246-8632-9077677A6AA2}.Release|x86.ActiveCfg = Release|Win32
		{26E47879-A122-4246-8632-9077677A6AA2}.Release|x86.Build.0 = Release|Win32
		{A1C92EAA-7E16-457F-B124-74EC378E10F2}.Debug|x64.ActiveCfg = Debug|x64
		{A1C92EAA-7E16-457F-B124-74EC378E10F2}.Debug|x64.Build.0 = Debug|x64
		{A1C92EAA-7E16-457F-B124-74EC378E10F2}.Debug|x86.ActiveCfg = Debug|Win32
		{A1C92EAA-7E16-457F-B124-74EC378E10F2}.Debug|x86.Build.0 = Debug|Win32
		{A1C92EAA-7E16-457F-B124-74EC378E10F2}.Release|x64.ActiveCfg = Release|x64
		{A1C92EAA-7E16-457F-B124-74EC378E10F2}.Release|x64.Build.0 = Release|x64
		{A1C92EAA-7E16-457F-B124-74EC378E10F2}.Release|x86.ActiveCfg = Release|Win32
		{A1C92EAA-7E16-457F-B124-74EC378E10F2}.Release|x86.Build.0 = Release|Win32
		{169416A5-C149-440A-AB63-C034F9139C17}.Debug|x64.ActiveCfg = Debug|x64
		{169416A5-C149-440A-AB63-C034F9139C17}.Debug|x64.Build.0 = Debug|x64
		{169416A5-C149-440A-AB63-C034F9139C17}.Debug|x86.ActiveCfg = Debug|Win32
		{169416A5-C149-440A-AB63-C034F9139C17}.Debug|x86.Build.0 = Debug|Win32
		{169416A5-C149-440A-AB63-C034F9139C17}.Release|x64.ActiveCfg = Release|x64
		{169416A5-C149-440A-AB63-C034F9139C17}.Release|x64.Build.0 = Release|x64
		{169416A5-C149-440A-AB63-C034F9139C17}.Release|x86.ActiveCfg = Release|Win32
		{169416A5-C149-440A-AB63-C034F9139C17}.Release|x86.Build.0 = Release|Win32
		{69724A4F-E1D7-41D8-ABB7-A696B934310E}.Debug|x64.ActiveCfg = Debug|x64
		{69724A4F-E1D7-41D8-ABB7-A696B934310E}.Debug|x64.Build.0 = Debug|x64
		{69724A4F-E1D7-41D8-ABB7-A696B934310E}.Debug|x86.ActiveCfg = Debug|Win32
		{69724A4F-E1D7-41D8-ABB7-A696B934310E}.Debug|x86.Build.0 = Debug|Win32
		{69724A4F-E1D7-41D8-ABB7-A696B934310E}.Release|x64.ActiveCfg = Release|x64
		{69724A4F-E1D7-41D8-ABB7-A696B934310E}.Release|x64.Build.0 = Release|x64
		{69724A4F-E1D7-41D8-ABB7-A696B934310E}.Release|x86.ActiveCfg = Release|Win32
		{69724A4F-E1D7-41D8-ABB7-A696B934310E}.Release|x86.Build.0 = Release|Win32
		{8C13515C-926C-4000-BD95-8307879C80FA}.Debug|x64.ActiveCfg = Debug|x64
		{8C13515C-926C-4000-BD95-8307879C80FA}.Debug|x64.Build.0 = Debug|x64
		{8C13515C-926C-4000-BD95-8307879C80FA}.Debug|x86.ActiveCfg = Debug|Win32
		{8C13515C-926C-4000-BD95-8307879C80FA}.Debug|x86.Build.0 = Debug|Win32
		{8C13515C-926C-4000-BD95-8307879C80FA}.Release|x64.ActiveCfg = Release|x64
		{8C13515C-926C-4000-BD95-8307879C80FA}.Release|x64.Build.0 = Release|x64
		{8C13515C-926C-4000-BD95-8307879C80FA}.Release|x86.ActiveCfg = Release|Win32
		{8C13515C-926C-4000-BD95-8307879C80FA}.Release|x86.Build.0 = Release|Win32
	EndGlobalSection
	GlobalSection(SolutionProperties) = preSolution
		HideSolutionNode = FALSE
	EndGlobalSection
	GlobalSection(ExtensibilityGlobals) = postSolution
		SolutionGuid = {1FCDFBD7-4EBD-418E-BE28-B67F9A1C5BC1}
	EndGlobalSection
EndGlobal
